
Microsoft Visual Studio Solution File, Format Version 12.00
# Visual Studio Version 16
VisualStudioVersion = 16.0.31025.194
MinimumVisualStudioVersion = 10.0.40219.1
Project("{8BC9CEB8-8B4A-11D0-8D11-00A0C91BC942}") = "Fantasy Text Adventure", "Fantasy Text Adventure\Fantasy Text Adventure.vcxproj", "{BAFDB143-2508-49A8-8D56-D77DB9E869D3}"
EndProject
Global
	GlobalSection(SolutionConfigurationPlatforms) = preSolution
		Debug|x64 = Debug|x64
		Debug|x86 = Debug|x86
		Release|x64 = Release|x64
		Release|x86 = Release|x86
	EndGlobalSection
	GlobalSection(ProjectConfigurationPlatforms) = postSolution
		{BAFDB143-2508-49A8-8D56-D77DB9E869D3}.Debug|x64.ActiveCfg = Debug|x64
		{BAFDB143-2508-49A8-8D56-D77DB9E869D3}.Debug|x64.Build.0 = Debug|x64
		{BAFDB143-2508-49A8-8D56-D77DB9E869D3}.Debug|x86.ActiveCfg = Debug|Win32
		{BAFDB143-2508-49A8-8D56-D77DB9E869D3}.Debug|x86.Build.0 = Debug|Win32
		{BAFDB143-2508-49A8-8D56-D77DB9E869D3}.Release|x64.ActiveCfg = Release|x64
		{BAFDB143-2508-49A8-8D56-D77DB9E869D3}.Release|x64.Build.0 = Release|x64
		{BAFDB143-2508-49A8-8D56-D77DB9E869D3}.Release|x86.ActiveCfg = Release|Win32
		{BAFDB143-2508-49A8-8D56-D77DB9E869D3}.Release|x86.Build.0 = Release|Win32
	EndGlobalSection
	GlobalSection(SolutionProperties) = preSolution
		HideSolutionNode = FALSE
	EndGlobalSection
	GlobalSection(ExtensibilityGlobals) = postSolution
		SolutionGuid = {3E2159A6-D6B1-417E-9C85-6392A4CFEC0E}
	EndGlobalSection
EndGlobal
